
Microsoft Visual Studio Solution File, Format Version 12.00
# Visual Studio Version 17
VisualStudioVersion = 17.5.33530.505
MinimumVisualStudioVersion = 10.0.40219.1
Project("{FAE04EC0-301F-11D3-BF4B-00C04F79EFBC}") = "ProjetoBack", "ProjetoBack\ProjetoBack.csproj", "{06DD06A0-0983-4D1B-A56B-F72C21041BD0}"
EndProject
Global
	GlobalSection(SolutionConfigurationPlatforms) = preSolution
		Debug|Any CPU = Debug|Any CPU
		Release|Any CPU = Release|Any CPU
	EndGlobalSection
	GlobalSection(ProjectConfigurationPlatforms) = postSolution
		{06DD06A0-0983-4D1B-A56B-F72C21041BD0}.Debug|Any CPU.ActiveCfg = Debug|Any CPU
		{06DD06A0-0983-4D1B-A56B-F72C21041BD0}.Debug|Any CPU.Build.0 = Debug|Any CPU
		{06DD06A0-0983-4D1B-A56B-F72C21041BD0}.Release|Any CPU.ActiveCfg = Release|Any CPU
		{06DD06A0-0983-4D1B-A56B-F72C21041BD0}.Release|Any CPU.Build.0 = Release|Any CPU
	EndGlobalSection
	GlobalSection(SolutionProperties) = preSolution
		HideSolutionNode = FALSE
	EndGlobalSection
	GlobalSection(ExtensibilityGlobals) = postSolution
		SolutionGuid = {5258704F-2ABB-444E-8C60-C781E661B6DA}
	EndGlobalSection
EndGlobal
